%{
  "absinthe": {:hex, :absinthe, "1.7.5", "a15054f05738e766f7cc7fd352887dfd5e61cec371fb4741cca37c3359ff74ac", [:mix], [{:dataloader, "~> 1.0.0 or ~> 2.0", [hex: :dataloader, repo: "hexpm", optional: true]}, {:decimal, "~> 1.0 or ~> 2.0", [hex: :decimal, repo: "hexpm", optional: true]}, {:nimble_parsec, "~> 1.2.2 or ~> 1.3.0", [hex: :nimble_parsec, repo: "hexpm", optional: false]}, {:opentelemetry_process_propagator, "~> 0.2.1", [hex: :opentelemetry_process_propagator, repo: "hexpm", optional: true]}, {:telemetry, "~> 0.4 or ~> 1.0", [hex: :telemetry, repo: "hexpm", optional: false]}], "hexpm", "22a9a38adca26294ad0ee91226168f5d215b401efd770b8a1b8fd9c9b21ec316"},
  "absinthe_relay": {:hex, :absinthe_relay, "1.5.2", "cfb8aed70f4e4c7718d3f1c212332d2ea728f17c7fc0f68f1e461f0f5f0c4b9a", [:mix], [{:absinthe, "~> 1.5.0 or ~> 1.6.0 or ~> 1.7.0", [hex: :absinthe, repo: "hexpm", optional: false]}, {:ecto, "~> 2.0 or ~> 3.0", [hex: :ecto, repo: "hexpm", optional: true]}], "hexpm", "0587ee913afa31512e1457a5064ee88427f8fe7bcfbeeecd41c71d9cff0b62b6"},
  "attrs": {:hex, :attrs, "0.6.0", "25d738b47829f964a786ef73897d2550b66f3e7d1d7c49a83bc8fd81c71bed93", [:mix], [], "hexpm", "9c30ac15255c2ba8399263db55ba32c2f4e5ec267b654ce23df99168b405c82e"},
  "bunt": {:hex, :bunt, "0.2.0", "951c6e801e8b1d2cbe58ebbd3e616a869061ddadcc4863d0a2182541acae9a38", [:mix], [], "hexpm", "7af5c7e09fe1d40f76c8e4f9dd2be7cebd83909f31fee7cd0e9eadc567da8353"},
  "credo": {:hex, :credo, "1.6.6", "f51f8d45db1af3b2e2f7bee3e6d3c871737bda4a91bff00c5eec276517d1a19c", [:mix], [{:bunt, "~> 0.2.0", [hex: :bunt, repo: "hexpm", optional: false]}, {:file_system, "~> 0.2.8", [hex: :file_system, repo: "hexpm", optional: false]}, {:jason, "~> 1.0", [hex: :jason, repo: "hexpm", optional: false]}], "hexpm", "625520ce0984ee0f9f1f198165cd46fa73c1e59a17ebc520038b8fce056a5bdc"},
  "db_connection": {:hex, :db_connection, "2.7.0", "b99faa9291bb09892c7da373bb82cba59aefa9b36300f6145c5f201c7adf48ec", [:mix], [{:telemetry, "~> 0.4 or ~> 1.0", [hex: :telemetry, repo: "hexpm", optional: false]}], "hexpm", "dcf08f31b2701f857dfc787fbad78223d61a32204f217f15e881dd93e4bdd3ff"},
  "decimal": {:hex, :decimal, "2.1.1", "5611dca5d4b2c3dd497dec8f68751f1f1a54755e8ed2a966c2633cf885973ad6", [:mix], [], "hexpm", "53cfe5f497ed0e7771ae1a475575603d77425099ba5faef9394932b35020ffcc"},
  "dialyxir": {:hex, :dialyxir, "1.2.0", "58344b3e87c2e7095304c81a9ae65cb68b613e28340690dfe1a5597fd08dec37", [:mix], [{:erlex, ">= 0.2.6", [hex: :erlex, repo: "hexpm", optional: false]}], "hexpm", "61072136427a851674cab81762be4dbeae7679f85b1272b6d25c3a839aff8463"},
  "earmark_parser": {:hex, :earmark_parser, "1.4.39", "424642f8335b05bb9eb611aa1564c148a8ee35c9c8a8bba6e129d51a3e3c6769", [:mix], [], "hexpm", "06553a88d1f1846da9ef066b87b57c6f605552cfbe40d20bd8d59cc6bde41944"},
  "ecto": {:hex, :ecto, "3.12.4", "267c94d9f2969e6acc4dd5e3e3af5b05cdae89a4d549925f3008b2b7eb0b93c3", [:mix], [{:decimal, "~> 2.0", [hex: :decimal, repo: "hexpm", optional: false]}, {:jason, "~> 1.0", [hex: :jason, repo: "hexpm", optional: true]}, {:telemetry, "~> 0.4 or ~> 1.0", [hex: :telemetry, repo: "hexpm", optional: false]}], "hexpm", "ef04e4101688a67d061e1b10d7bc1fbf00d1d13c17eef08b71d070ff9188f747"},
  "ecto_sql": {:hex, :ecto_sql, "3.12.1", "c0d0d60e85d9ff4631f12bafa454bc392ce8b9ec83531a412c12a0d415a3a4d0", [:mix], [{:db_connection, "~> 2.4.1 or ~> 2.5", [hex: :db_connection, repo: "hexpm", optional: false]}, {:ecto, "~> 3.12", [hex: :ecto, repo: "hexpm", optional: false]}, {:myxql, "~> 0.7", [hex: :myxql, repo: "hexpm", optional: true]}, {:postgrex, "~> 0.19 or ~> 1.0", [hex: :postgrex, repo: "hexpm", optional: true]}, {:tds, "~> 2.1.1 or ~> 2.2", [hex: :tds, repo: "hexpm", optional: true]}, {:telemetry, "~> 0.4.0 or ~> 1.0", [hex: :telemetry, repo: "hexpm", optional: false]}], "hexpm", "aff5b958a899762c5f09028c847569f7dfb9cc9d63bdb8133bff8a5546de6bf5"},
  "erlex": {:hex, :erlex, "0.2.6", "c7987d15e899c7a2f34f5420d2a2ea0d659682c06ac607572df55a43753aa12e", [:mix], [], "hexpm", "2ed2e25711feb44d52b17d2780eabf998452f6efda104877a3881c2f8c0c0c75"},
  "ex_doc": {:hex, :ex_doc, "0.33.0", "690562b153153c7e4d455dc21dab86e445f66ceba718defe64b0ef6f0bd83ba0", [:mix], [{:earmark_parser, "~> 1.4.39", [hex: :earmark_parser, repo: "hexpm", optional: false]}, {:makeup_c, ">= 0.1.0", [hex: :makeup_c, repo: "hexpm", optional: true]}, {:makeup_elixir, "~> 0.14 or ~> 1.0", [hex: :makeup_elixir, repo: "hexpm", optional: false]}, {:makeup_erlang, "~> 0.1 or ~> 1.0", [hex: :makeup_erlang, repo: "hexpm", optional: false]}, {:makeup_html, ">= 0.1.0", [hex: :makeup_html, repo: "hexpm", optional: true]}], "hexpm", "3f69adc28274cb51be37d09b03e4565232862a4b10288a3894587b0131412124"},
  "file_system": {:hex, :file_system, "0.2.10", "fb082005a9cd1711c05b5248710f8826b02d7d1784e7c3451f9c1231d4fc162d", [:mix], [], "hexpm", "41195edbfb562a593726eda3b3e8b103a309b733ad25f3d642ba49696bf715dc"},
  "jason": {:hex, :jason, "1.4.4", "b9226785a9aa77b6857ca22832cffa5d5011a667207eb2a0ad56adb5db443b8a", [:mix], [{:decimal, "~> 1.0 or ~> 2.0", [hex: :decimal, repo: "hexpm", optional: true]}], "hexpm", "c5eb0cab91f094599f94d55bc63409236a8ec69a21a67814529e8d5f6cc90b3b"},
  "makeup": {:hex, :makeup, "1.1.2", "9ba8837913bdf757787e71c1581c21f9d2455f4dd04cfca785c70bbfff1a76a3", [:mix], [{:nimble_parsec, "~> 1.2.2 or ~> 1.3", [hex: :nimble_parsec, repo: "hexpm", optional: false]}], "hexpm", "cce1566b81fbcbd21eca8ffe808f33b221f9eee2cbc7a1706fc3da9ff18e6cac"},
  "makeup_elixir": {:hex, :makeup_elixir, "0.16.2", "627e84b8e8bf22e60a2579dad15067c755531fea049ae26ef1020cad58fe9578", [:mix], [{:makeup, "~> 1.0", [hex: :makeup, repo: "hexpm", optional: false]}, {:nimble_parsec, "~> 1.2.3 or ~> 1.3", [hex: :nimble_parsec, repo: "hexpm", optional: false]}], "hexpm", "41193978704763f6bbe6cc2758b84909e62984c7752b3784bd3c218bb341706b"},
  "makeup_erlang": {:hex, :makeup_erlang, "1.0.0", "6f0eff9c9c489f26b69b61440bf1b238d95badae49adac77973cbacae87e3c2e", [:mix], [{:makeup, "~> 1.0", [hex: :makeup, repo: "hexpm", optional: false]}], "hexpm", "ea7a9307de9d1548d2a72d299058d1fd2339e3d398560a0e46c27dab4891e4d2"},
  "mime": {:hex, :mime, "2.0.5", "dc34c8efd439abe6ae0343edbb8556f4d63f178594894720607772a041b04b02", [:mix], [], "hexpm", "da0d64a365c45bc9935cc5c8a7fc5e49a0e0f9932a761c55d6c52b142780a05c"},
  "mimic": {:hex, :mimic, "1.7.4", "cd2772ffbc9edefe964bc668bfd4059487fa639a5b7f1cbdf4fd22946505aa4f", [:mix], [], "hexpm", "437c61041ecf8a7fae35763ce89859e4973bb0666e6ce76d75efc789204447c3"},
  "nimble_parsec": {:hex, :nimble_parsec, "1.3.1", "2c54013ecf170e249e9291ed0a62e5832f70a476c61da16f6aac6dca0189f2af", [:mix], [], "hexpm", "2682e3c0b2eb58d90c6375fc0cc30bc7be06f365bf72608804fb9cffa5e1b167"},
  "plug": {:hex, :plug, "1.14.2", "cff7d4ec45b4ae176a227acd94a7ab536d9b37b942c8e8fa6dfc0fff98ff4d80", [:mix], [{:mime, "~> 1.0 or ~> 2.0", [hex: :mime, repo: "hexpm", optional: false]}, {:plug_crypto, "~> 1.1.1 or ~> 1.2", [hex: :plug_crypto, repo: "hexpm", optional: false]}, {:telemetry, "~> 0.4.3 or ~> 1.0", [hex: :telemetry, repo: "hexpm", optional: false]}], "hexpm", "842fc50187e13cf4ac3b253d47d9474ed6c296a8732752835ce4a86acdf68d13"},
  "plug_crypto": {:hex, :plug_crypto, "1.2.5", "918772575e48e81e455818229bf719d4ab4181fcbf7f85b68a35620f78d89ced", [:mix], [], "hexpm", "26549a1d6345e2172eb1c233866756ae44a9609bd33ee6f99147ab3fd87fd842"},
  "polymorphic_embed": {:hex, :polymorphic_embed, "5.0.0", "8edf0f8262e26d2bd884f972ab34e2ae970019ad8a4a2df8fc319117f5238d40", [:mix], [{:attrs, "~> 0.6", [hex: :attrs, repo: "hexpm", optional: false]}, {:ecto, "~> 3.12", [hex: :ecto, repo: "hexpm", optional: false]}, {:jason, "~> 1.4", [hex: :jason, repo: "hexpm", optional: false]}, {:phoenix_html, "~> 4.1", [hex: :phoenix_html, repo: "hexpm", optional: true]}, {:phoenix_html_helpers, "~> 1.0", [hex: :phoenix_html_helpers, repo: "hexpm", optional: true]}, {:phoenix_live_view, "~> 0.20", [hex: :phoenix_live_view, repo: "hexpm", optional: true]}], "hexpm", "462976e51f74858cd5cc886fd23bf74616805c11f3abe7df352dd242de1b50e6"},
  "postgrex": {:hex, :postgrex, "0.19.1", "73b498508b69aded53907fe48a1fee811be34cc720e69ef4ccd568c8715495ea", [:mix], [{:db_connection, "~> 2.1", [hex: :db_connection, repo: "hexpm", optional: false]}, {:decimal, "~> 1.5 or ~> 2.0", [hex: :decimal, repo: "hexpm", optional: false]}, {:jason, "~> 1.0", [hex: :jason, repo: "hexpm", optional: true]}, {:table, "~> 0.1.0", [hex: :table, repo: "hexpm", optional: true]}], "hexpm", "8bac7885a18f381e091ec6caf41bda7bb8c77912bb0e9285212829afe5d8a8f8"},
  "telemetry": {:hex, :telemetry, "1.3.0", "fedebbae410d715cf8e7062c96a1ef32ec22e764197f70cda73d82778d61e7a2", [:rebar3], [], "hexpm", "7015fc8919dbe63764f4b4b87a95b7c0996bd539e0d499be6ec9d7f3875b79e6"},
  "typed_struct": {:hex, :typed_struct, "0.3.0", "939789e3c1dca39d7170c87f729127469d1315dcf99fee8e152bb774b17e7ff7", [:mix], [], "hexpm", "c50bd5c3a61fe4e198a8504f939be3d3c85903b382bde4865579bc23111d1b6d"},
  "urn": {:hex, :urn, "1.0.0", "4b3b011cde897b7eaeafb648f3168e2e1a4e86e9f5ea10a8567639bff04665aa", [:mix], [], "hexpm", "fb15114ce48192e0b1455e91d0ab6ed8343ed84f9f38841bc8ce76575ed0722a"},
}
